
Microsoft Visual Studio Solution File, Format Version 12.00
# Visual Studio Version 16
VisualStudioVersion = 16.0.28803.156
MinimumVisualStudioVersion = 10.0.40219.1
Project("{F184B08F-C81C-45F6-A57F-5ABD9991F28F}") = "iqblib-components", "iqblib-components\iqblib-components.vbproj", "{D5E4CC00-DC78-4787-8834-AD5A1AD4FD03}"
EndProject
Project("{F184B08F-C81C-45F6-A57F-5ABD9991F28F}") = "iqblib-config", "iqblib-config\iqblib-config.vbproj", "{888C4116-F82D-43FB-B773-0AD0EDDEB285}"
EndProject
Project("{F184B08F-C81C-45F6-A57F-5ABD9991F28F}") = "iqblib-windows", "iqblib-windows\iqblib-windows.vbproj", "{FF39D188-E729-4BA3-88C4-B8CB00A7622D}"
EndProject
Project("{F184B08F-C81C-45F6-A57F-5ABD9991F28F}") = "iqblib-openxml", "iqblib-openxml\iqblib-openxml.vbproj", "{15DADC2D-406E-4827-BA70-B0747E3AB3A8}"
EndProject
Project("{F184B08F-C81C-45F6-A57F-5ABD9991F28F}") = "iqblib-ef", "iqblib-ef\iqblib-ef.vbproj", "{7B837535-3237-4AA6-ABC9-EDCEA572389E}"
EndProject
Project("{F184B08F-C81C-45F6-A57F-5ABD9991F28F}") = "iqblib-journal", "iqblib-journal\iqblib-journal.vbproj", "{2BC3060D-E7F9-4336-889A-950EEF89C28A}"
EndProject
Project("{F184B08F-C81C-45F6-A57F-5ABD9991F28F}") = "iqblib-checklist", "iqblib-checklist\iqblib-checklist.vbproj", "{F07711E7-68C0-4ABF-BDFB-F30C2230892E}"
EndProject
Project("{F184B08F-C81C-45F6-A57F-5ABD9991F28F}") = "iqblib-reminder", "iqblib-reminder\iqblib-reminder.vbproj", "{39FAEEF3-09A7-4EA1-A6BE-AC85CA90B3E6}"
EndProject
Project("{F184B08F-C81C-45F6-A57F-5ABD9991F28F}") = "IQB-AppConfig", "IQB-AppConfig\IQB-AppConfig.vbproj", "{FA3F5B18-3874-48B8-B2E0-82821C5C6EF1}"
EndProject
Global
	GlobalSection(SolutionConfigurationPlatforms) = preSolution
		Debug|Any CPU = Debug|Any CPU
		Release|Any CPU = Release|Any CPU
	EndGlobalSection
	GlobalSection(ProjectConfigurationPlatforms) = postSolution
		{D5E4CC00-DC78-4787-8834-AD5A1AD4FD03}.Debug|Any CPU.ActiveCfg = Debug|Any CPU
		{D5E4CC00-DC78-4787-8834-AD5A1AD4FD03}.Debug|Any CPU.Build.0 = Debug|Any CPU
		{D5E4CC00-DC78-4787-8834-AD5A1AD4FD03}.Release|Any CPU.ActiveCfg = Release|Any CPU
		{D5E4CC00-DC78-4787-8834-AD5A1AD4FD03}.Release|Any CPU.Build.0 = Release|Any CPU
		{888C4116-F82D-43FB-B773-0AD0EDDEB285}.Debug|Any CPU.ActiveCfg = Debug|Any CPU
		{888C4116-F82D-43FB-B773-0AD0EDDEB285}.Debug|Any CPU.Build.0 = Debug|Any CPU
		{888C4116-F82D-43FB-B773-0AD0EDDEB285}.Release|Any CPU.ActiveCfg = Release|Any CPU
		{888C4116-F82D-43FB-B773-0AD0EDDEB285}.Release|Any CPU.Build.0 = Release|Any CPU
		{FF39D188-E729-4BA3-88C4-B8CB00A7622D}.Debug|Any CPU.ActiveCfg = Debug|Any CPU
		{FF39D188-E729-4BA3-88C4-B8CB00A7622D}.Debug|Any CPU.Build.0 = Debug|Any CPU
		{FF39D188-E729-4BA3-88C4-B8CB00A7622D}.Release|Any CPU.ActiveCfg = Release|Any CPU
		{FF39D188-E729-4BA3-88C4-B8CB00A7622D}.Release|Any CPU.Build.0 = Release|Any CPU
		{15DADC2D-406E-4827-BA70-B0747E3AB3A8}.Debug|Any CPU.ActiveCfg = Debug|Any CPU
		{15DADC2D-406E-4827-BA70-B0747E3AB3A8}.Debug|Any CPU.Build.0 = Debug|Any CPU
		{15DADC2D-406E-4827-BA70-B0747E3AB3A8}.Release|Any CPU.ActiveCfg = Release|Any CPU
		{15DADC2D-406E-4827-BA70-B0747E3AB3A8}.Release|Any CPU.Build.0 = Release|Any CPU
		{7B837535-3237-4AA6-ABC9-EDCEA572389E}.Debug|Any CPU.ActiveCfg = Debug|Any CPU
		{7B837535-3237-4AA6-ABC9-EDCEA572389E}.Debug|Any CPU.Build.0 = Debug|Any CPU
		{7B837535-3237-4AA6-ABC9-EDCEA572389E}.Release|Any CPU.ActiveCfg = Release|Any CPU
		{7B837535-3237-4AA6-ABC9-EDCEA572389E}.Release|Any CPU.Build.0 = Release|Any CPU
		{2BC3060D-E7F9-4336-889A-950EEF89C28A}.Debug|Any CPU.ActiveCfg = Debug|Any CPU
		{2BC3060D-E7F9-4336-889A-950EEF89C28A}.Debug|Any CPU.Build.0 = Debug|Any CPU
		{2BC3060D-E7F9-4336-889A-950EEF89C28A}.Release|Any CPU.ActiveCfg = Release|Any CPU
		{2BC3060D-E7F9-4336-889A-950EEF89C28A}.Release|Any CPU.Build.0 = Release|Any CPU
		{F07711E7-68C0-4ABF-BDFB-F30C2230892E}.Debug|Any CPU.ActiveCfg = Debug|Any CPU
		{F07711E7-68C0-4ABF-BDFB-F30C2230892E}.Debug|Any CPU.Build.0 = Debug|Any CPU
		{F07711E7-68C0-4ABF-BDFB-F30C2230892E}.Release|Any CPU.ActiveCfg = Release|Any CPU
		{F07711E7-68C0-4ABF-BDFB-F30C2230892E}.Release|Any CPU.Build.0 = Release|Any CPU
		{39FAEEF3-09A7-4EA1-A6BE-AC85CA90B3E6}.Debug|Any CPU.ActiveCfg = Debug|Any CPU
		{39FAEEF3-09A7-4EA1-A6BE-AC85CA90B3E6}.Debug|Any CPU.Build.0 = Debug|Any CPU
		{39FAEEF3-09A7-4EA1-A6BE-AC85CA90B3E6}.Release|Any CPU.ActiveCfg = Release|Any CPU
		{39FAEEF3-09A7-4EA1-A6BE-AC85CA90B3E6}.Release|Any CPU.Build.0 = Release|Any CPU
		{FA3F5B18-3874-48B8-B2E0-82821C5C6EF1}.Debug|Any CPU.ActiveCfg = Debug|Any CPU
		{FA3F5B18-3874-48B8-B2E0-82821C5C6EF1}.Debug|Any CPU.Build.0 = Debug|Any CPU
		{FA3F5B18-3874-48B8-B2E0-82821C5C6EF1}.Release|Any CPU.ActiveCfg = Release|Any CPU
		{FA3F5B18-3874-48B8-B2E0-82821C5C6EF1}.Release|Any CPU.Build.0 = Release|Any CPU
	EndGlobalSection
	GlobalSection(SolutionProperties) = preSolution
		HideSolutionNode = FALSE
	EndGlobalSection
	GlobalSection(ExtensibilityGlobals) = postSolution
		SolutionGuid = {6FAD3B90-4BA3-43CE-916B-C7B9F334704D}
	EndGlobalSection
EndGlobal
